// !$*UTF8*$!
{
	archiveVersion = 1;
	classes = {
	};
	objectVersion = 55;
	objects = {

/* Begin PBXBuildFile section */
		55903DD32883021600FDC6F6 /* Coordinator.swift in Sources */ = {isa = PBXBuildFile; fileRef = 55903DD22883021600FDC6F6 /* Coordinator.swift */; };
		55903DD52883023200FDC6F6 /* AppCoordinator.swift in Sources */ = {isa = PBXBuildFile; fileRef = 55903DD42883023200FDC6F6 /* AppCoordinator.swift */; };
		55903DD82883DC1C00FDC6F6 /* Session in Frameworks */ = {isa = PBXBuildFile; productRef = 55903DD72883DC1C00FDC6F6 /* Session */; };
		55903DDA2883DF2D00FDC6F6 /* Session+Repository.swift in Sources */ = {isa = PBXBuildFile; fileRef = 55903DD92883DF2D00FDC6F6 /* Session+Repository.swift */; };
		55903DDD2883E0AB00FDC6F6 /* FavoriteAnimeRepository.swift in Sources */ = {isa = PBXBuildFile; fileRef = 55903DDC2883E0AB00FDC6F6 /* FavoriteAnimeRepository.swift */; };
		55903DDF2883E39500FDC6F6 /* ItemStorage.swift in Sources */ = {isa = PBXBuildFile; fileRef = 55903DDE2883E39500FDC6F6 /* ItemStorage.swift */; };
		55903DE22883E40E00FDC6F6 /* UserDefault+ItemStorage.swift in Sources */ = {isa = PBXBuildFile; fileRef = 55903DE12883E40E00FDC6F6 /* UserDefault+ItemStorage.swift */; };
		55903DE42883E8B100FDC6F6 /* FavoriteItemTests.swift in Sources */ = {isa = PBXBuildFile; fileRef = 55903DE32883E8B100FDC6F6 /* FavoriteItemTests.swift */; };
		55903DE72883EBF900FDC6F6 /* AnimeItemInfoModel.swift in Sources */ = {isa = PBXBuildFile; fileRef = 55903DE62883EBF900FDC6F6 /* AnimeItemInfoModel.swift */; };
		55903DE92883F10200FDC6F6 /* AnimeItemInfoModelTests.swift in Sources */ = {isa = PBXBuildFile; fileRef = 55903DE82883F10200FDC6F6 /* AnimeItemInfoModelTests.swift */; };
		55903DEB288400C200FDC6F6 /* SessionInteractoreTests.swift in Sources */ = {isa = PBXBuildFile; fileRef = 55903DEA288400C200FDC6F6 /* SessionInteractoreTests.swift */; };
		55903DEF2884070400FDC6F6 /* TestHelper in Frameworks */ = {isa = PBXBuildFile; productRef = 55903DEE2884070400FDC6F6 /* TestHelper */; };
		5590C84C2880F9C9004C4A22 /* AppDelegate.swift in Sources */ = {isa = PBXBuildFile; fileRef = 5590C84B2880F9C9004C4A22 /* AppDelegate.swift */; };
		5590C84E2880F9C9004C4A22 /* SceneDelegate.swift in Sources */ = {isa = PBXBuildFile; fileRef = 5590C84D2880F9C9004C4A22 /* SceneDelegate.swift */; };
		5590C8552880F9CB004C4A22 /* Assets.xcassets in Resources */ = {isa = PBXBuildFile; fileRef = 5590C8542880F9CB004C4A22 /* Assets.xcassets */; };
		5590C8582880F9CB004C4A22 /* LaunchScreen.storyboard in Resources */ = {isa = PBXBuildFile; fileRef = 5590C8562880F9CB004C4A22 /* LaunchScreen.storyboard */; };
		5590C8632880F9CB004C4A22 /* GoAnimeTests.swift in Sources */ = {isa = PBXBuildFile; fileRef = 5590C8622880F9CB004C4A22 /* GoAnimeTests.swift */; };
		5590C86D2880F9CB004C4A22 /* GoAnimeUITests.swift in Sources */ = {isa = PBXBuildFile; fileRef = 5590C86C2880F9CB004C4A22 /* GoAnimeUITests.swift */; };
		5590C86F2880F9CB004C4A22 /* GoAnimeUITestsLaunchTests.swift in Sources */ = {isa = PBXBuildFile; fileRef = 5590C86E2880F9CB004C4A22 /* GoAnimeUITestsLaunchTests.swift */; };
		55AACC152882AB7400AF2240 /* AnimeViewController.swift in Sources */ = {isa = PBXBuildFile; fileRef = 55AACC142882AB7400AF2240 /* AnimeViewController.swift */; };
		55AACC172882AB8600AF2240 /* AnimeViewModel.swift in Sources */ = {isa = PBXBuildFile; fileRef = 55AACC162882AB8600AF2240 /* AnimeViewModel.swift */; };
		55AACC192882ACFF00AF2240 /* AnimeViewCoordinator.swift in Sources */ = {isa = PBXBuildFile; fileRef = 55AACC182882ACFF00AF2240 /* AnimeViewCoordinator.swift */; };
		55AACC1B2882AD3500AF2240 /* AnimeViewInteractor.swift in Sources */ = {isa = PBXBuildFile; fileRef = 55AACC1A2882AD3500AF2240 /* AnimeViewInteractor.swift */; };
/* End PBXBuildFile section */

/* Begin PBXContainerItemProxy section */
		5590C85F2880F9CB004C4A22 /* PBXContainerItemProxy */ = {
			isa = PBXContainerItemProxy;
			containerPortal = 5590C8402880F9C9004C4A22 /* Project object */;
			proxyType = 1;
			remoteGlobalIDString = 5590C8472880F9C9004C4A22;
			remoteInfo = GoAnime;
		};
		5590C8692880F9CB004C4A22 /* PBXContainerItemProxy */ = {
			isa = PBXContainerItemProxy;
			containerPortal = 5590C8402880F9C9004C4A22 /* Project object */;
			proxyType = 1;
			remoteGlobalIDString = 5590C8472880F9C9004C4A22;
			remoteInfo = GoAnime;
		};
/* End PBXContainerItemProxy section */

/* Begin PBXFileReference section */
		55903DD22883021600FDC6F6 /* Coordinator.swift */ = {isa = PBXFileReference; lastKnownFileType = sourcecode.swift; path = Coordinator.swift; sourceTree = "<group>"; };
		55903DD42883023200FDC6F6 /* AppCoordinator.swift */ = {isa = PBXFileReference; lastKnownFileType = sourcecode.swift; path = AppCoordinator.swift; sourceTree = "<group>"; };
		55903DD92883DF2D00FDC6F6 /* Session+Repository.swift */ = {isa = PBXFileReference; lastKnownFileType = sourcecode.swift; path = "Session+Repository.swift"; sourceTree = "<group>"; };
		55903DDC2883E0AB00FDC6F6 /* FavoriteAnimeRepository.swift */ = {isa = PBXFileReference; lastKnownFileType = sourcecode.swift; path = FavoriteAnimeRepository.swift; sourceTree = "<group>"; };
		55903DDE2883E39500FDC6F6 /* ItemStorage.swift */ = {isa = PBXFileReference; lastKnownFileType = sourcecode.swift; path = ItemStorage.swift; sourceTree = "<group>"; };
		55903DE12883E40E00FDC6F6 /* UserDefault+ItemStorage.swift */ = {isa = PBXFileReference; lastKnownFileType = sourcecode.swift; path = "UserDefault+ItemStorage.swift"; sourceTree = "<group>"; };
		55903DE32883E8B100FDC6F6 /* FavoriteItemTests.swift */ = {isa = PBXFileReference; lastKnownFileType = sourcecode.swift; path = FavoriteItemTests.swift; sourceTree = "<group>"; };
		55903DE62883EBF900FDC6F6 /* AnimeItemInfoModel.swift */ = {isa = PBXFileReference; lastKnownFileType = sourcecode.swift; path = AnimeItemInfoModel.swift; sourceTree = "<group>"; };
		55903DE82883F10200FDC6F6 /* AnimeItemInfoModelTests.swift */ = {isa = PBXFileReference; lastKnownFileType = sourcecode.swift; path = AnimeItemInfoModelTests.swift; sourceTree = "<group>"; };
		55903DEA288400C200FDC6F6 /* SessionInteractoreTests.swift */ = {isa = PBXFileReference; lastKnownFileType = sourcecode.swift; path = SessionInteractoreTests.swift; sourceTree = "<group>"; };
		5590C8482880F9C9004C4A22 /* GoAnime.app */ = {isa = PBXFileReference; explicitFileType = wrapper.application; includeInIndex = 0; path = GoAnime.app; sourceTree = BUILT_PRODUCTS_DIR; };
		5590C84B2880F9C9004C4A22 /* AppDelegate.swift */ = {isa = PBXFileReference; lastKnownFileType = sourcecode.swift; path = AppDelegate.swift; sourceTree = "<group>"; };
		5590C84D2880F9C9004C4A22 /* SceneDelegate.swift */ = {isa = PBXFileReference; lastKnownFileType = sourcecode.swift; path = SceneDelegate.swift; sourceTree = "<group>"; };
		5590C8542880F9CB004C4A22 /* Assets.xcassets */ = {isa = PBXFileReference; lastKnownFileType = folder.assetcatalog; path = Assets.xcassets; sourceTree = "<group>"; };
		5590C8572880F9CB004C4A22 /* Base */ = {isa = PBXFileReference; lastKnownFileType = file.storyboard; name = Base; path = Base.lproj/LaunchScreen.storyboard; sourceTree = "<group>"; };
		5590C8592880F9CB004C4A22 /* Info.plist */ = {isa = PBXFileReference; lastKnownFileType = text.plist.xml; path = Info.plist; sourceTree = "<group>"; };
		5590C85E2880F9CB004C4A22 /* GoAnimeTests.xctest */ = {isa = PBXFileReference; explicitFileType = wrapper.cfbundle; includeInIndex = 0; path = GoAnimeTests.xctest; sourceTree = BUILT_PRODUCTS_DIR; };
		5590C8622880F9CB004C4A22 /* GoAnimeTests.swift */ = {isa = PBXFileReference; lastKnownFileType = sourcecode.swift; path = GoAnimeTests.swift; sourceTree = "<group>"; };
		5590C8682880F9CB004C4A22 /* GoAnimeUITests.xctest */ = {isa = PBXFileReference; explicitFileType = wrapper.cfbundle; includeInIndex = 0; path = GoAnimeUITests.xctest; sourceTree = BUILT_PRODUCTS_DIR; };
		5590C86C2880F9CB004C4A22 /* GoAnimeUITests.swift */ = {isa = PBXFileReference; lastKnownFileType = sourcecode.swift; path = GoAnimeUITests.swift; sourceTree = "<group>"; };
		5590C86E2880F9CB004C4A22 /* GoAnimeUITestsLaunchTests.swift */ = {isa = PBXFileReference; lastKnownFileType = sourcecode.swift; path = GoAnimeUITestsLaunchTests.swift; sourceTree = "<group>"; };
		55AACC142882AB7400AF2240 /* AnimeViewController.swift */ = {isa = PBXFileReference; lastKnownFileType = sourcecode.swift; path = AnimeViewController.swift; sourceTree = "<group>"; };
		55AACC162882AB8600AF2240 /* AnimeViewModel.swift */ = {isa = PBXFileReference; lastKnownFileType = sourcecode.swift; path = AnimeViewModel.swift; sourceTree = "<group>"; };
		55AACC182882ACFF00AF2240 /* AnimeViewCoordinator.swift */ = {isa = PBXFileReference; lastKnownFileType = sourcecode.swift; path = AnimeViewCoordinator.swift; sourceTree = "<group>"; };
		55AACC1A2882AD3500AF2240 /* AnimeViewInteractor.swift */ = {isa = PBXFileReference; lastKnownFileType = sourcecode.swift; path = AnimeViewInteractor.swift; sourceTree = "<group>"; };
/* End PBXFileReference section */

/* Begin PBXFrameworksBuildPhase section */
		5590C8452880F9C9004C4A22 /* Frameworks */ = {
			isa = PBXFrameworksBuildPhase;
			buildActionMask = 2147483647;
			files = (
				55903DEF2884070400FDC6F6 /* TestHelper in Frameworks */,
				55903DD82883DC1C00FDC6F6 /* Session in Frameworks */,
			);
			runOnlyForDeploymentPostprocessing = 0;
		};
		5590C85B2880F9CB004C4A22 /* Frameworks */ = {
			isa = PBXFrameworksBuildPhase;
			buildActionMask = 2147483647;
			files = (
			);
			runOnlyForDeploymentPostprocessing = 0;
		};
		5590C8652880F9CB004C4A22 /* Frameworks */ = {
			isa = PBXFrameworksBuildPhase;
			buildActionMask = 2147483647;
			files = (
			);
			runOnlyForDeploymentPostprocessing = 0;
		};
/* End PBXFrameworksBuildPhase section */

/* Begin PBXGroup section */
		55903DD12883020700FDC6F6 /* Coordinator */ = {
			isa = PBXGroup;
			children = (
				55903DD22883021600FDC6F6 /* Coordinator.swift */,
				55903DD42883023200FDC6F6 /* AppCoordinator.swift */,
				55AACC182882ACFF00AF2240 /* AnimeViewCoordinator.swift */,
			);
			path = Coordinator;
			sourceTree = "<group>";
		};
		55903DD62883DC1900FDC6F6 /* Frameworks */ = {
			isa = PBXGroup;
			children = (
			);
			name = Frameworks;
			sourceTree = "<group>";
		};
		55903DDB2883E08D00FDC6F6 /* LocalService */ = {
			isa = PBXGroup;
			children = (
				55903DE02883E3F900FDC6F6 /* ItemStorage */,
				55903DDC2883E0AB00FDC6F6 /* FavoriteAnimeRepository.swift */,
			);
			path = LocalService;
			sourceTree = "<group>";
		};
		55903DE02883E3F900FDC6F6 /* ItemStorage */ = {
			isa = PBXGroup;
			children = (
				55903DDE2883E39500FDC6F6 /* ItemStorage.swift */,
				55903DE12883E40E00FDC6F6 /* UserDefault+ItemStorage.swift */,
			);
			path = ItemStorage;
			sourceTree = "<group>";
		};
		55903DE52883EBDD00FDC6F6 /* Model */ = {
			isa = PBXGroup;
			children = (
				55903DE62883EBF900FDC6F6 /* AnimeItemInfoModel.swift */,
			);
			path = Model;
			sourceTree = "<group>";
		};
		5590C83F2880F9C9004C4A22 = {
			isa = PBXGroup;
			children = (
				5590C84A2880F9C9004C4A22 /* GoAnime */,
				5590C8612880F9CB004C4A22 /* GoAnimeTests */,
				5590C86B2880F9CB004C4A22 /* GoAnimeUITests */,
				5590C8492880F9C9004C4A22 /* Products */,
				55903DD62883DC1900FDC6F6 /* Frameworks */,
			);
			sourceTree = "<group>";
		};
		5590C8492880F9C9004C4A22 /* Products */ = {
			isa = PBXGroup;
			children = (
				5590C8482880F9C9004C4A22 /* GoAnime.app */,
				5590C85E2880F9CB004C4A22 /* GoAnimeTests.xctest */,
				5590C8682880F9CB004C4A22 /* GoAnimeUITests.xctest */,
			);
			name = Products;
			sourceTree = "<group>";
		};
		5590C84A2880F9C9004C4A22 /* GoAnime */ = {
			isa = PBXGroup;
			children = (
				55903DE52883EBDD00FDC6F6 /* Model */,
				55903DDB2883E08D00FDC6F6 /* LocalService */,
				55903DD12883020700FDC6F6 /* Coordinator */,
				55AACC132882AB4F00AF2240 /* AnimeView */,
				5590C84B2880F9C9004C4A22 /* AppDelegate.swift */,
				5590C84D2880F9C9004C4A22 /* SceneDelegate.swift */,
				5590C87B2880FA94004C4A22 /* Assets */,
				5590C8592880F9CB004C4A22 /* Info.plist */,
			);
			path = GoAnime;
			sourceTree = "<group>";
		};
		5590C8612880F9CB004C4A22 /* GoAnimeTests */ = {
			isa = PBXGroup;
			children = (
				5590C8622880F9CB004C4A22 /* GoAnimeTests.swift */,
				55903DE32883E8B100FDC6F6 /* FavoriteItemTests.swift */,
				55903DE82883F10200FDC6F6 /* AnimeItemInfoModelTests.swift */,
				55903DEA288400C200FDC6F6 /* SessionInteractoreTests.swift */,
			);
			path = GoAnimeTests;
			sourceTree = "<group>";
		};
		5590C86B2880F9CB004C4A22 /* GoAnimeUITests */ = {
			isa = PBXGroup;
			children = (
				5590C86C2880F9CB004C4A22 /* GoAnimeUITests.swift */,
				5590C86E2880F9CB004C4A22 /* GoAnimeUITestsLaunchTests.swift */,
			);
			path = GoAnimeUITests;
			sourceTree = "<group>";
		};
		5590C87B2880FA94004C4A22 /* Assets */ = {
			isa = PBXGroup;
			children = (
				5590C8542880F9CB004C4A22 /* Assets.xcassets */,
				5590C8562880F9CB004C4A22 /* LaunchScreen.storyboard */,
			);
			path = Assets;
			sourceTree = "<group>";
		};
		55AACC132882AB4F00AF2240 /* AnimeView */ = {
			isa = PBXGroup;
			children = (
				55AACC142882AB7400AF2240 /* AnimeViewController.swift */,
				55AACC162882AB8600AF2240 /* AnimeViewModel.swift */,
				55AACC1A2882AD3500AF2240 /* AnimeViewInteractor.swift */,
				55903DD92883DF2D00FDC6F6 /* Session+Repository.swift */,
			);
			path = AnimeView;
			sourceTree = "<group>";
		};
/* End PBXGroup section */

/* Begin PBXNativeTarget section */
		5590C8472880F9C9004C4A22 /* GoAnime */ = {
			isa = PBXNativeTarget;
			buildConfigurationList = 5590C8722880F9CB004C4A22 /* Build configuration list for PBXNativeTarget "GoAnime" */;
			buildPhases = (
				5590C8442880F9C9004C4A22 /* Sources */,
				5590C8452880F9C9004C4A22 /* Frameworks */,
				5590C8462880F9C9004C4A22 /* Resources */,
			);
			buildRules = (
			);
			dependencies = (
			);
			name = GoAnime;
			packageProductDependencies = (
				55903DD72883DC1C00FDC6F6 /* Session */,
				55903DEE2884070400FDC6F6 /* TestHelper */,
			);
			productName = GoAnime;
			productReference = 5590C8482880F9C9004C4A22 /* GoAnime.app */;
			productType = "com.apple.product-type.application";
		};
		5590C85D2880F9CB004C4A22 /* GoAnimeTests */ = {
			isa = PBXNativeTarget;
			buildConfigurationList = 5590C8752880F9CB004C4A22 /* Build configuration list for PBXNativeTarget "GoAnimeTests" */;
			buildPhases = (
				5590C85A2880F9CB004C4A22 /* Sources */,
				5590C85B2880F9CB004C4A22 /* Frameworks */,
				5590C85C2880F9CB004C4A22 /* Resources */,
			);
			buildRules = (
			);
			dependencies = (
				5590C8602880F9CB004C4A22 /* PBXTargetDependency */,
			);
			name = GoAnimeTests;
			productName = GoAnimeTests;
			productReference = 5590C85E2880F9CB004C4A22 /* GoAnimeTests.xctest */;
			productType = "com.apple.product-type.bundle.unit-test";
		};
		5590C8672880F9CB004C4A22 /* GoAnimeUITests */ = {
			isa = PBXNativeTarget;
			buildConfigurationList = 5590C8782880F9CB004C4A22 /* Build configuration list for PBXNativeTarget "GoAnimeUITests" */;
			buildPhases = (
				5590C8642880F9CB004C4A22 /* Sources */,
				5590C8652880F9CB004C4A22 /* Frameworks */,
				5590C8662880F9CB004C4A22 /* Resources */,
			);
			buildRules = (
			);
			dependencies = (
				5590C86A2880F9CB004C4A22 /* PBXTargetDependency */,
			);
			name = GoAnimeUITests;
			productName = GoAnimeUITests;
			productReference = 5590C8682880F9CB004C4A22 /* GoAnimeUITests.xctest */;
			productType = "com.apple.product-type.bundle.ui-testing";
		};
/* End PBXNativeTarget section */

/* Begin PBXProject section */
		5590C8402880F9C9004C4A22 /* Project object */ = {
			isa = PBXProject;
			attributes = {
				BuildIndependentTargetsInParallel = 1;
				LastSwiftUpdateCheck = 1340;
				LastUpgradeCheck = 1340;
				TargetAttributes = {
					5590C8472880F9C9004C4A22 = {
						CreatedOnToolsVersion = 13.4.1;
					};
					5590C85D2880F9CB004C4A22 = {
						CreatedOnToolsVersion = 13.4.1;
						TestTargetID = 5590C8472880F9C9004C4A22;
					};
					5590C8672880F9CB004C4A22 = {
						CreatedOnToolsVersion = 13.4.1;
						TestTargetID = 5590C8472880F9C9004C4A22;
					};
				};
			};
			buildConfigurationList = 5590C8432880F9C9004C4A22 /* Build configuration list for PBXProject "GoAnime" */;
			compatibilityVersion = "Xcode 13.0";
			developmentRegion = en;
			hasScannedForEncodings = 0;
			knownRegions = (
				en,
				Base,
			);
			mainGroup = 5590C83F2880F9C9004C4A22;
			productRefGroup = 5590C8492880F9C9004C4A22 /* Products */;
			projectDirPath = "";
			projectRoot = "";
			targets = (
				5590C8472880F9C9004C4A22 /* GoAnime */,
				5590C85D2880F9CB004C4A22 /* GoAnimeTests */,
				5590C8672880F9CB004C4A22 /* GoAnimeUITests */,
			);
		};
/* End PBXProject section */

/* Begin PBXResourcesBuildPhase section */
		5590C8462880F9C9004C4A22 /* Resources */ = {
			isa = PBXResourcesBuildPhase;
			buildActionMask = 2147483647;
			files = (
				5590C8582880F9CB004C4A22 /* LaunchScreen.storyboard in Resources */,
				5590C8552880F9CB004C4A22 /* Assets.xcassets in Resources */,
			);
			runOnlyForDeploymentPostprocessing = 0;
		};
		5590C85C2880F9CB004C4A22 /* Resources */ = {
			isa = PBXResourcesBuildPhase;
			buildActionMask = 2147483647;
			files = (
			);
			runOnlyForDeploymentPostprocessing = 0;
		};
		5590C8662880F9CB004C4A22 /* Resources */ = {
			isa = PBXResourcesBuildPhase;
			buildActionMask = 2147483647;
			files = (
			);
			runOnlyForDeploymentPostprocessing = 0;
		};
/* End PBXResourcesBuildPhase section */

/* Begin PBXSourcesBuildPhase section */
		5590C8442880F9C9004C4A22 /* Sources */ = {
			isa = PBXSourcesBuildPhase;
			buildActionMask = 2147483647;
			files = (
				55903DD32883021600FDC6F6 /* Coordinator.swift in Sources */,
				55AACC172882AB8600AF2240 /* AnimeViewModel.swift in Sources */,
				55AACC152882AB7400AF2240 /* AnimeViewController.swift in Sources */,
				55903DDF2883E39500FDC6F6 /* ItemStorage.swift in Sources */,
				55AACC1B2882AD3500AF2240 /* AnimeViewInteractor.swift in Sources */,
				5590C84C2880F9C9004C4A22 /* AppDelegate.swift in Sources */,
				55AACC192882ACFF00AF2240 /* AnimeViewCoordinator.swift in Sources */,
				55903DDD2883E0AB00FDC6F6 /* FavoriteAnimeRepository.swift in Sources */,
				55903DD52883023200FDC6F6 /* AppCoordinator.swift in Sources */,
				55903DE72883EBF900FDC6F6 /* AnimeItemInfoModel.swift in Sources */,
				5590C84E2880F9C9004C4A22 /* SceneDelegate.swift in Sources */,
				55903DDA2883DF2D00FDC6F6 /* Session+Repository.swift in Sources */,
				55903DE22883E40E00FDC6F6 /* UserDefault+ItemStorage.swift in Sources */,
			);
			runOnlyForDeploymentPostprocessing = 0;
		};
		5590C85A2880F9CB004C4A22 /* Sources */ = {
			isa = PBXSourcesBuildPhase;
			buildActionMask = 2147483647;
			files = (
				55903DE42883E8B100FDC6F6 /* FavoriteItemTests.swift in Sources */,
				55903DE92883F10200FDC6F6 /* AnimeItemInfoModelTests.swift in Sources */,
				5590C8632880F9CB004C4A22 /* GoAnimeTests.swift in Sources */,
				55903DEB288400C200FDC6F6 /* SessionInteractoreTests.swift in Sources */,
			);
			runOnlyForDeploymentPostprocessing = 0;
		};
		5590C8642880F9CB004C4A22 /* Sources */ = {
			isa = PBXSourcesBuildPhase;
			buildActionMask = 2147483647;
			files = (
				5590C86D2880F9CB004C4A22 /* GoAnimeUITests.swift in Sources */,
				5590C86F2880F9CB004C4A22 /* GoAnimeUITestsLaunchTests.swift in Sources */,
			);
			runOnlyForDeploymentPostprocessing = 0;
		};
/* End PBXSourcesBuildPhase section */

/* Begin PBXTargetDependency section */
		5590C8602880F9CB004C4A22 /* PBXTargetDependency */ = {
			isa = PBXTargetDependency;
			target = 5590C8472880F9C9004C4A22 /* GoAnime */;
			targetProxy = 5590C85F2880F9CB004C4A22 /* PBXContainerItemProxy */;
		};
		5590C86A2880F9CB004C4A22 /* PBXTargetDependency */ = {
			isa = PBXTargetDependency;
			target = 5590C8472880F9C9004C4A22 /* GoAnime */;
			targetProxy = 5590C8692880F9CB004C4A22 /* PBXContainerItemProxy */;
		};
/* End PBXTargetDependency section */

/* Begin PBXVariantGroup section */
		5590C8562880F9CB004C4A22 /* LaunchScreen.storyboard */ = {
			isa = PBXVariantGroup;
			children = (
				5590C8572880F9CB004C4A22 /* Base */,
			);
			name = LaunchScreen.storyboard;
			sourceTree = "<group>";
		};
/* End PBXVariantGroup section */

/* Begin XCBuildConfiguration section */
		5590C8702880F9CB004C4A22 /* Debug */ = {
			isa = XCBuildConfiguration;
			buildSettings = {
				ALWAYS_SEARCH_USER_PATHS = NO;
				CLANG_ANALYZER_NONNULL = YES;
				CLANG_ANALYZER_NUMBER_OBJECT_CONVERSION = YES_AGGRESSIVE;
				CLANG_CXX_LANGUAGE_STANDARD = "gnu++17";
				CLANG_ENABLE_MODULES = YES;
				CLANG_ENABLE_OBJC_ARC = YES;
				CLANG_ENABLE_OBJC_WEAK = YES;
				CLANG_WARN_BLOCK_CAPTURE_AUTORELEASING = YES;
				CLANG_WARN_BOOL_CONVERSION = YES;
				CLANG_WARN_COMMA = YES;
				CLANG_WARN_CONSTANT_CONVERSION = YES;
				CLANG_WARN_DEPRECATED_OBJC_IMPLEMENTATIONS = YES;
				CLANG_WARN_DIRECT_OBJC_ISA_USAGE = YES_ERROR;
				CLANG_WARN_DOCUMENTATION_COMMENTS = YES;
				CLANG_WARN_EMPTY_BODY = YES;
				CLANG_WARN_ENUM_CONVERSION = YES;
				CLANG_WARN_INFINITE_RECURSION = YES;
				CLANG_WARN_INT_CONVERSION = YES;
				CLANG_WARN_NON_LITERAL_NULL_CONVERSION = YES;
				CLANG_WARN_OBJC_IMPLICIT_RETAIN_SELF = YES;
				CLANG_WARN_OBJC_LITERAL_CONVERSION = YES;
				CLANG_WARN_OBJC_ROOT_CLASS = YES_ERROR;
				CLANG_WARN_QUOTED_INCLUDE_IN_FRAMEWORK_HEADER = YES;
				CLANG_WARN_RANGE_LOOP_ANALYSIS = YES;
				CLANG_WARN_STRICT_PROTOTYPES = YES;
				CLANG_WARN_SUSPICIOUS_MOVE = YES;
				CLANG_WARN_UNGUARDED_AVAILABILITY = YES_AGGRESSIVE;
				CLANG_WARN_UNREACHABLE_CODE = YES;
				CLANG_WARN__DUPLICATE_METHOD_MATCH = YES;
				COPY_PHASE_STRIP = NO;
				DEBUG_INFORMATION_FORMAT = dwarf;
				ENABLE_STRICT_OBJC_MSGSEND = YES;
				ENABLE_TESTABILITY = YES;
				GCC_C_LANGUAGE_STANDARD = gnu11;
				GCC_DYNAMIC_NO_PIC = NO;
				GCC_NO_COMMON_BLOCKS = YES;
				GCC_OPTIMIZATION_LEVEL = 0;
				GCC_PREPROCESSOR_DEFINITIONS = (
					"DEBUG=1",
					"$(inherited)",
				);
				GCC_WARN_64_TO_32_BIT_CONVERSION = YES;
				GCC_WARN_ABOUT_RETURN_TYPE = YES_ERROR;
				GCC_WARN_UNDECLARED_SELECTOR = YES;
				GCC_WARN_UNINITIALIZED_AUTOS = YES_AGGRESSIVE;
				GCC_WARN_UNUSED_FUNCTION = YES;
				GCC_WARN_UNUSED_VARIABLE = YES;
				IPHONEOS_DEPLOYMENT_TARGET = 15.5;
				MTL_ENABLE_DEBUG_INFO = INCLUDE_SOURCE;
				MTL_FAST_MATH = YES;
				ONLY_ACTIVE_ARCH = YES;
				SDKROOT = iphoneos;
				SWIFT_ACTIVE_COMPILATION_CONDITIONS = DEBUG;
				SWIFT_OPTIMIZATION_LEVEL = "-Onone";
			};
			name = Debug;
		};
		5590C8712880F9CB004C4A22 /* Release */ = {
			isa = XCBuildConfiguration;
			buildSettings = {
				ALWAYS_SEARCH_USER_PATHS = NO;
				CLANG_ANALYZER_NONNULL = YES;
				CLANG_ANALYZER_NUMBER_OBJECT_CONVERSION = YES_AGGRESSIVE;
				CLANG_CXX_LANGUAGE_STANDARD = "gnu++17";
				CLANG_ENABLE_MODULES = YES;
				CLANG_ENABLE_OBJC_ARC = YES;
				CLANG_ENABLE_OBJC_WEAK = YES;
				CLANG_WARN_BLOCK_CAPTURE_AUTORELEASING = YES;
				CLANG_WARN_BOOL_CONVERSION = YES;
				CLANG_WARN_COMMA = YES;
				CLANG_WARN_CONSTANT_CONVERSION = YES;
				CLANG_WARN_DEPRECATED_OBJC_IMPLEMENTATIONS = YES;
				CLANG_WARN_DIRECT_OBJC_ISA_USAGE = YES_ERROR;
				CLANG_WARN_DOCUMENTATION_COMMENTS = YES;
				CLANG_WARN_EMPTY_BODY = YES;
				CLANG_WARN_ENUM_CONVERSION = YES;
				CLANG_WARN_INFINITE_RECURSION = YES;
				CLANG_WARN_INT_CONVERSION = YES;
				CLANG_WARN_NON_LITERAL_NULL_CONVERSION = YES;
				CLANG_WARN_OBJC_IMPLICIT_RETAIN_SELF = YES;
				CLANG_WARN_OBJC_LITERAL_CONVERSION = YES;
				CLANG_WARN_OBJC_ROOT_CLASS = YES_ERROR;
				CLANG_WARN_QUOTED_INCLUDE_IN_FRAMEWORK_HEADER = YES;
				CLANG_WARN_RANGE_LOOP_ANALYSIS = YES;
				CLANG_WARN_STRICT_PROTOTYPES = YES;
				CLANG_WARN_SUSPICIOUS_MOVE = YES;
				CLANG_WARN_UNGUARDED_AVAILABILITY = YES_AGGRESSIVE;
				CLANG_WARN_UNREACHABLE_CODE = YES;
				CLANG_WARN__DUPLICATE_METHOD_MATCH = YES;
				COPY_PHASE_STRIP = NO;
				DEBUG_INFORMATION_FORMAT = "dwarf-with-dsym";
				ENABLE_NS_ASSERTIONS = NO;
				ENABLE_STRICT_OBJC_MSGSEND = YES;
				GCC_C_LANGUAGE_STANDARD = gnu11;
				GCC_NO_COMMON_BLOCKS = YES;
				GCC_WARN_64_TO_32_BIT_CONVERSION = YES;
				GCC_WARN_ABOUT_RETURN_TYPE = YES_ERROR;
				GCC_WARN_UNDECLARED_SELECTOR = YES;
				GCC_WARN_UNINITIALIZED_AUTOS = YES_AGGRESSIVE;
				GCC_WARN_UNUSED_FUNCTION = YES;
				GCC_WARN_UNUSED_VARIABLE = YES;
				IPHONEOS_DEPLOYMENT_TARGET = 15.5;
				MTL_ENABLE_DEBUG_INFO = NO;
				MTL_FAST_MATH = YES;
				SDKROOT = iphoneos;
				SWIFT_COMPILATION_MODE = wholemodule;
				SWIFT_OPTIMIZATION_LEVEL = "-O";
				VALIDATE_PRODUCT = YES;
			};
			name = Release;
		};
		5590C8732880F9CB004C4A22 /* Debug */ = {
			isa = XCBuildConfiguration;
			buildSettings = {
				ASSETCATALOG_COMPILER_APPICON_NAME = AppIcon;
				ASSETCATALOG_COMPILER_GLOBAL_ACCENT_COLOR_NAME = AccentColor;
				CODE_SIGN_STYLE = Automatic;
				CURRENT_PROJECT_VERSION = 1;
				DEVELOPMENT_TEAM = YRYLX47U6S;
				GENERATE_INFOPLIST_FILE = YES;
				INFOPLIST_FILE = GoAnime/Info.plist;
				INFOPLIST_KEY_UIApplicationSupportsIndirectInputEvents = YES;
				INFOPLIST_KEY_UILaunchStoryboardName = LaunchScreen;
				INFOPLIST_KEY_UISupportedInterfaceOrientations_iPad = "UIInterfaceOrientationPortrait UIInterfaceOrientationPortraitUpsideDown UIInterfaceOrientationLandscapeLeft UIInterfaceOrientationLandscapeRight";
				INFOPLIST_KEY_UISupportedInterfaceOrientations_iPhone = "UIInterfaceOrientationPortrait UIInterfaceOrientationLandscapeLeft UIInterfaceOrientationLandscapeRight";
				LD_RUNPATH_SEARCH_PATHS = (
					"$(inherited)",
					"@executable_path/Frameworks",
				);
				MARKETING_VERSION = 1.0;
				PRODUCT_BUNDLE_IDENTIFIER = com.gogo.GoAnime;
				PRODUCT_NAME = "$(TARGET_NAME)";
				SWIFT_EMIT_LOC_STRINGS = YES;
				SWIFT_VERSION = 5.0;
				TARGETED_DEVICE_FAMILY = "1,2";
			};
			name = Debug;
		};
		5590C8742880F9CB004C4A22 /* Release */ = {
			isa = XCBuildConfiguration;
			buildSettings = {
				ASSETCATALOG_COMPILER_APPICON_NAME = AppIcon;
				ASSETCATALOG_COMPILER_GLOBAL_ACCENT_COLOR_NAME = AccentColor;
				CODE_SIGN_STYLE = Automatic;
				CURRENT_PROJECT_VERSION = 1;
				DEVELOPMENT_TEAM = YRYLX47U6S;
				GENERATE_INFOPLIST_FILE = YES;
				INFOPLIST_FILE = GoAnime/Info.plist;
				INFOPLIST_KEY_UIApplicationSupportsIndirectInputEvents = YES;
				INFOPLIST_KEY_UILaunchStoryboardName = LaunchScreen;
				INFOPLIST_KEY_UISupportedInterfaceOrientations_iPad = "UIInterfaceOrientationPortrait UIInterfaceOrientationPortraitUpsideDown UIInterfaceOrientationLandscapeLeft UIInterfaceOrientationLandscapeRight";
				INFOPLIST_KEY_UISupportedInterfaceOrientations_iPhone = "UIInterfaceOrientationPortrait UIInterfaceOrientationLandscapeLeft UIInterfaceOrientationLandscapeRight";
				LD_RUNPATH_SEARCH_PATHS = (
					"$(inherited)",
					"@executable_path/Frameworks",
				);
				MARKETING_VERSION = 1.0;
				PRODUCT_BUNDLE_IDENTIFIER = com.gogo.GoAnime;
				PRODUCT_NAME = "$(TARGET_NAME)";
				SWIFT_EMIT_LOC_STRINGS = YES;
				SWIFT_VERSION = 5.0;
				TARGETED_DEVICE_FAMILY = "1,2";
			};
			name = Release;
		};
		5590C8762880F9CB004C4A22 /* Debug */ = {
			isa = XCBuildConfiguration;
			buildSettings = {
				ALWAYS_EMBED_SWIFT_STANDARD_LIBRARIES = YES;
				BUNDLE_LOADER = "$(TEST_HOST)";
				CODE_SIGN_STYLE = Automatic;
				CURRENT_PROJECT_VERSION = 1;
				DEVELOPMENT_TEAM = YRYLX47U6S;
				GENERATE_INFOPLIST_FILE = YES;
				IPHONEOS_DEPLOYMENT_TARGET = 15.5;
				MARKETING_VERSION = 1.0;
				PRODUCT_BUNDLE_IDENTIFIER = com.gogo.GoAnimeTests;
				PRODUCT_NAME = "$(TARGET_NAME)";
				SWIFT_EMIT_LOC_STRINGS = NO;
				SWIFT_VERSION = 5.0;
				TARGETED_DEVICE_FAMILY = "1,2";
				TEST_HOST = "$(BUILT_PRODUCTS_DIR)/GoAnime.app/GoAnime";
			};
			name = Debug;
		};
		5590C8772880F9CB004C4A22 /* Release */ = {
			isa = XCBuildConfiguration;
			buildSettings = {
				ALWAYS_EMBED_SWIFT_STANDARD_LIBRARIES = YES;
				BUNDLE_LOADER = "$(TEST_HOST)";
				CODE_SIGN_STYLE = Automatic;
				CURRENT_PROJECT_VERSION = 1;
				DEVELOPMENT_TEAM = YRYLX47U6S;
				GENERATE_INFOPLIST_FILE = YES;
				IPHONEOS_DEPLOYMENT_TARGET = 15.5;
				MARKETING_VERSION = 1.0;
				PRODUCT_BUNDLE_IDENTIFIER = com.gogo.GoAnimeTests;
				PRODUCT_NAME = "$(TARGET_NAME)";
				SWIFT_EMIT_LOC_STRINGS = NO;
				SWIFT_VERSION = 5.0;
				TARGETED_DEVICE_FAMILY = "1,2";
				TEST_HOST = "$(BUILT_PRODUCTS_DIR)/GoAnime.app/GoAnime";
			};
			name = Release;
		};
		5590C8792880F9CB004C4A22 /* Debug */ = {
			isa = XCBuildConfiguration;
			buildSettings = {
				ALWAYS_EMBED_SWIFT_STANDARD_LIBRARIES = YES;
				CODE_SIGN_STYLE = Automatic;
				CURRENT_PROJECT_VERSION = 1;
				DEVELOPMENT_TEAM = YRYLX47U6S;
				GENERATE_INFOPLIST_FILE = YES;
				MARKETING_VERSION = 1.0;
				PRODUCT_BUNDLE_IDENTIFIER = com.gogo.GoAnimeUITests;
				PRODUCT_NAME = "$(TARGET_NAME)";
				SWIFT_EMIT_LOC_STRINGS = NO;
				SWIFT_VERSION = 5.0;
				TARGETED_DEVICE_FAMILY = "1,2";
				TEST_TARGET_NAME = GoAnime;
			};
			name = Debug;
		};
		5590C87A2880F9CB004C4A22 /* Release */ = {
			isa = XCBuildConfiguration;
			buildSettings = {
				ALWAYS_EMBED_SWIFT_STANDARD_LIBRARIES = YES;
				CODE_SIGN_STYLE = Automatic;
				CURRENT_PROJECT_VERSION = 1;
				DEVELOPMENT_TEAM = YRYLX47U6S;
				GENERATE_INFOPLIST_FILE = YES;
				MARKETING_VERSION = 1.0;
				PRODUCT_BUNDLE_IDENTIFIER = com.gogo.GoAnimeUITests;
				PRODUCT_NAME = "$(TARGET_NAME)";
				SWIFT_EMIT_LOC_STRINGS = NO;
				SWIFT_VERSION = 5.0;
				TARGETED_DEVICE_FAMILY = "1,2";
				TEST_TARGET_NAME = GoAnime;
			};
			name = Release;
		};
/* End XCBuildConfiguration section */

/* Begin XCConfigurationList section */
		5590C8432880F9C9004C4A22 /* Build configuration list for PBXProject "GoAnime" */ = {
			isa = XCConfigurationList;
			buildConfigurations = (
				5590C8702880F9CB004C4A22 /* Debug */,
				5590C8712880F9CB004C4A22 /* Release */,
			);
			defaultConfigurationIsVisible = 0;
			defaultConfigurationName = Release;
		};
		5590C8722880F9CB004C4A22 /* Build configuration list for PBXNativeTarget "GoAnime" */ = {
			isa = XCConfigurationList;
			buildConfigurations = (
				5590C8732880F9CB004C4A22 /* Debug */,
				5590C8742880F9CB004C4A22 /* Release */,
			);
			defaultConfigurationIsVisible = 0;
			defaultConfigurationName = Release;
		};
		5590C8752880F9CB004C4A22 /* Build configuration list for PBXNativeTarget "GoAnimeTests" */ = {
			isa = XCConfigurationList;
			buildConfigurations = (
				5590C8762880F9CB004C4A22 /* Debug */,
				5590C8772880F9CB004C4A22 /* Release */,
			);
			defaultConfigurationIsVisible = 0;
			defaultConfigurationName = Release;
		};
		5590C8782880F9CB004C4A22 /* Build configuration list for PBXNativeTarget "GoAnimeUITests" */ = {
			isa = XCConfigurationList;
			buildConfigurations = (
				5590C8792880F9CB004C4A22 /* Debug */,
				5590C87A2880F9CB004C4A22 /* Release */,
			);
			defaultConfigurationIsVisible = 0;
			defaultConfigurationName = Release;
		};
/* End XCConfigurationList section */

/* Begin XCSwiftPackageProductDependency section */
		55903DD72883DC1C00FDC6F6 /* Session */ = {
			isa = XCSwiftPackageProductDependency;
			productName = Session;
		};
		55903DEE2884070400FDC6F6 /* TestHelper */ = {
			isa = XCSwiftPackageProductDependency;
			productName = TestHelper;
		};
/* End XCSwiftPackageProductDependency section */
	};
	rootObject = 5590C8402880F9C9004C4A22 /* Project object */;
}
